
Microsoft Visual Studio Solution File, Format Version 12.00
# Visual Studio Version 17
VisualStudioVersion = 17.12.35527.113
MinimumVisualStudioVersion = 10.0.40219.1
Project("{2150E333-8FDC-42A3-9474-1A3956D46DE8}") = "src", "src", "{9238407B-40E2-4AD3-82A5-0E4FBF0E4684}"
EndProject
Project("{2150E333-8FDC-42A3-9474-1A3956D46DE8}") = "test", "test", "{ECD6FDAC-8DEC-4E64-B5C5-02C4ED80240F}"
EndProject
Project("{2150E333-8FDC-42A3-9474-1A3956D46DE8}") = "APIs", "APIs", "{C6D8DA50-CD68-472E-BCAF-A06C1787FF1B}"
EndProject
Project("{2150E333-8FDC-42A3-9474-1A3956D46DE8}") = "Core", "Core", "{0BBA598B-8FA2-47ED-886C-A2EC4EA3B7B9}"
EndProject
Project("{2150E333-8FDC-42A3-9474-1A3956D46DE8}") = "Infrastructure", "Infrastructure", "{50541970-A119-4974-989B-39E04B9D2134}"
EndProject
Project("{2150E333-8FDC-42A3-9474-1A3956D46DE8}") = "UI", "UI", "{7021B275-BD40-47BE-AC10-8E5A8977A68C}"
EndProject
Project("{2150E333-8FDC-42A3-9474-1A3956D46DE8}") = "Client", "Client", "{69CC620D-4603-4BE4-8682-443BE86B1474}"
EndProject
Project("{2150E333-8FDC-42A3-9474-1A3956D46DE8}") = "Dashboard", "Dashboard", "{05A9D308-A8EA-4ED3-AFC0-029CB337ABCC}"
EndProject
Project("{FAE04EC0-301F-11D3-BF4B-00C04F79EFBC}") = "LinkDev.Talabat.APIs", "LinkDev.Talabat.APIs\LinkDev.Talabat.APIs.csproj", "{A8F5BC03-D06F-47CA-AF4B-932A535FB5D5}"
EndProject
Project("{FAE04EC0-301F-11D3-BF4B-00C04F79EFBC}") = "LinkDev.Talabat.Core.Domain", "LinkDev.Talabat.Core.Domain\LinkDev.Talabat.Core.Domain.csproj", "{97A13F66-0681-4C86-ABAD-CE35D439E91D}"
EndProject
Project("{FAE04EC0-301F-11D3-BF4B-00C04F79EFBC}") = "LinkDev.Talabat.Core.Application", "LinkDev.Talabat.Core.Application\LinkDev.Talabat.Core.Application.csproj", "{06E342DE-2F38-4BA4-A4C9-5ACA5673D86F}"
EndProject
Project("{FAE04EC0-301F-11D3-BF4B-00C04F79EFBC}") = "LinkDev.Talabat.Core.Application.Abstraction", "LinkDev.Talabat.Core.Application.Abstraction\LinkDev.Talabat.Core.Application.Abstraction.csproj", "{932321F0-B8F4-4145-876C-981C403B3FC9}"
EndProject
Project("{FAE04EC0-301F-11D3-BF4B-00C04F79EFBC}") = "LinkDev.Talabat.Infrastruture", "LinkDev.Talabat.Infrastruture\LinkDev.Talabat.Infrastruture.csproj", "{95B06933-A84E-48B3-BDEB-A9247DD1104A}"
EndProject
Project("{FAE04EC0-301F-11D3-BF4B-00C04F79EFBC}") = "LinkDev.Talabat.Infrastructure.Presistence", "LinkDev.Talabat.Infrastructure.Presistence\LinkDev.Talabat.Infrastructure.Presistence.csproj", "{3ABFA8B1-0507-41AE-ACDD-AF47B65A67F4}"
EndProject
Project("{54A90642-561A-4BB1-A94E-469ADEE60C69}") = "Talabat.Client", "Talabat.Client\Talabat.Client.esproj", "{151A2DBF-9A41-AA20-D787-4D3EE1C92A55}"
EndProject
Project("{FAE04EC0-301F-11D3-BF4B-00C04F79EFBC}") = "LinkDev.Talabat.Dashboard", "LinkDev.Talabat.Dashboard\LinkDev.Talabat.Dashboard.csproj", "{5FD64994-C96C-4E5E-9981-21FD8A33C68E}"
EndProject
Project("{FAE04EC0-301F-11D3-BF4B-00C04F79EFBC}") = "LinkDev.Talabat.APIs.Controllers", "LinkDev.Talabat.APIs.Controllers\LinkDev.Talabat.APIs.Controllers.csproj", "{60C40AD6-D33E-40F7-B2E7-447AD7B7402D}"
EndProject
Global
	GlobalSection(SolutionConfigurationPlatforms) = preSolution
		Debug|Any CPU = Debug|Any CPU
		Release|Any CPU = Release|Any CPU
	EndGlobalSection
	GlobalSection(ProjectConfigurationPlatforms) = postSolution
		{A8F5BC03-D06F-47CA-AF4B-932A535FB5D5}.Debug|Any CPU.ActiveCfg = Debug|Any CPU
		{A8F5BC03-D06F-47CA-AF4B-932A535FB5D5}.Debug|Any CPU.Build.0 = Debug|Any CPU
		{A8F5BC03-D06F-47CA-AF4B-932A535FB5D5}.Release|Any CPU.ActiveCfg = Release|Any CPU
		{A8F5BC03-D06F-47CA-AF4B-932A535FB5D5}.Release|Any CPU.Build.0 = Release|Any CPU
		{97A13F66-0681-4C86-ABAD-CE35D439E91D}.Debug|Any CPU.ActiveCfg = Debug|Any CPU
		{97A13F66-0681-4C86-ABAD-CE35D439E91D}.Debug|Any CPU.Build.0 = Debug|Any CPU
		{97A13F66-0681-4C86-ABAD-CE35D439E91D}.Release|Any CPU.ActiveCfg = Release|Any CPU
		{97A13F66-0681-4C86-ABAD-CE35D439E91D}.Release|Any CPU.Build.0 = Release|Any CPU
		{06E342DE-2F38-4BA4-A4C9-5ACA5673D86F}.Debug|Any CPU.ActiveCfg = Debug|Any CPU
		{06E342DE-2F38-4BA4-A4C9-5ACA5673D86F}.Debug|Any CPU.Build.0 = Debug|Any CPU
		{06E342DE-2F38-4BA4-A4C9-5ACA5673D86F}.Release|Any CPU.ActiveCfg = Release|Any CPU
		{06E342DE-2F38-4BA4-A4C9-5ACA5673D86F}.Release|Any CPU.Build.0 = Release|Any CPU
		{932321F0-B8F4-4145-876C-981C403B3FC9}.Debug|Any CPU.ActiveCfg = Debug|Any CPU
		{932321F0-B8F4-4145-876C-981C403B3FC9}.Debug|Any CPU.Build.0 = Debug|Any CPU
		{932321F0-B8F4-4145-876C-981C403B3FC9}.Release|Any CPU.ActiveCfg = Release|Any CPU
		{932321F0-B8F4-4145-876C-981C403B3FC9}.Release|Any CPU.Build.0 = Release|Any CPU
		{95B06933-A84E-48B3-BDEB-A9247DD1104A}.Debug|Any CPU.ActiveCfg = Debug|Any CPU
		{95B06933-A84E-48B3-BDEB-A9247DD1104A}.Debug|Any CPU.Build.0 = Debug|Any CPU
		{95B06933-A84E-48B3-BDEB-A9247DD1104A}.Release|Any CPU.ActiveCfg = Release|Any CPU
		{95B06933-A84E-48B3-BDEB-A9247DD1104A}.Release|Any CPU.Build.0 = Release|Any CPU
		{3ABFA8B1-0507-41AE-ACDD-AF47B65A67F4}.Debug|Any CPU.ActiveCfg = Debug|Any CPU
		{3ABFA8B1-0507-41AE-ACDD-AF47B65A67F4}.Debug|Any CPU.Build.0 = Debug|Any CPU
		{3ABFA8B1-0507-41AE-ACDD-AF47B65A67F4}.Release|Any CPU.ActiveCfg = Release|Any CPU
		{3ABFA8B1-0507-41AE-ACDD-AF47B65A67F4}.Release|Any CPU.Build.0 = Release|Any CPU
		{151A2DBF-9A41-AA20-D787-4D3EE1C92A55}.Debug|Any CPU.ActiveCfg = Debug|Any CPU
		{151A2DBF-9A41-AA20-D787-4D3EE1C92A55}.Debug|Any CPU.Build.0 = Debug|Any CPU
		{151A2DBF-9A41-AA20-D787-4D3EE1C92A55}.Debug|Any CPU.Deploy.0 = Debug|Any CPU
		{151A2DBF-9A41-AA20-D787-4D3EE1C92A55}.Release|Any CPU.ActiveCfg = Release|Any CPU
		{151A2DBF-9A41-AA20-D787-4D3EE1C92A55}.Release|Any CPU.Build.0 = Release|Any CPU
		{151A2DBF-9A41-AA20-D787-4D3EE1C92A55}.Release|Any CPU.Deploy.0 = Release|Any CPU
		{5FD64994-C96C-4E5E-9981-21FD8A33C68E}.Debug|Any CPU.ActiveCfg = Debug|Any CPU
		{5FD64994-C96C-4E5E-9981-21FD8A33C68E}.Debug|Any CPU.Build.0 = Debug|Any CPU
		{5FD64994-C96C-4E5E-9981-21FD8A33C68E}.Release|Any CPU.ActiveCfg = Release|Any CPU
		{5FD64994-C96C-4E5E-9981-21FD8A33C68E}.Release|Any CPU.Build.0 = Release|Any CPU
		{60C40AD6-D33E-40F7-B2E7-447AD7B7402D}.Debug|Any CPU.ActiveCfg = Debug|Any CPU
		{60C40AD6-D33E-40F7-B2E7-447AD7B7402D}.Debug|Any CPU.Build.0 = Debug|Any CPU
		{60C40AD6-D33E-40F7-B2E7-447AD7B7402D}.Release|Any CPU.ActiveCfg = Release|Any CPU
		{60C40AD6-D33E-40F7-B2E7-447AD7B7402D}.Release|Any CPU.Build.0 = Release|Any CPU
	EndGlobalSection
	GlobalSection(SolutionProperties) = preSolution
		HideSolutionNode = FALSE
	EndGlobalSection
	GlobalSection(NestedProjects) = preSolution
		{C6D8DA50-CD68-472E-BCAF-A06C1787FF1B} = {9238407B-40E2-4AD3-82A5-0E4FBF0E4684}
		{0BBA598B-8FA2-47ED-886C-A2EC4EA3B7B9} = {9238407B-40E2-4AD3-82A5-0E4FBF0E4684}
		{50541970-A119-4974-989B-39E04B9D2134} = {9238407B-40E2-4AD3-82A5-0E4FBF0E4684}
		{7021B275-BD40-47BE-AC10-8E5A8977A68C} = {9238407B-40E2-4AD3-82A5-0E4FBF0E4684}
		{69CC620D-4603-4BE4-8682-443BE86B1474} = {7021B275-BD40-47BE-AC10-8E5A8977A68C}
		{05A9D308-A8EA-4ED3-AFC0-029CB337ABCC} = {7021B275-BD40-47BE-AC10-8E5A8977A68C}
		{A8F5BC03-D06F-47CA-AF4B-932A535FB5D5} = {C6D8DA50-CD68-472E-BCAF-A06C1787FF1B}
		{97A13F66-0681-4C86-ABAD-CE35D439E91D} = {0BBA598B-8FA2-47ED-886C-A2EC4EA3B7B9}
		{06E342DE-2F38-4BA4-A4C9-5ACA5673D86F} = {0BBA598B-8FA2-47ED-886C-A2EC4EA3B7B9}
		{932321F0-B8F4-4145-876C-981C403B3FC9} = {0BBA598B-8FA2-47ED-886C-A2EC4EA3B7B9}
		{95B06933-A84E-48B3-BDEB-A9247DD1104A} = {50541970-A119-4974-989B-39E04B9D2134}
		{3ABFA8B1-0507-41AE-ACDD-AF47B65A67F4} = {50541970-A119-4974-989B-39E04B9D2134}
		{151A2DBF-9A41-AA20-D787-4D3EE1C92A55} = {69CC620D-4603-4BE4-8682-443BE86B1474}
		{5FD64994-C96C-4E5E-9981-21FD8A33C68E} = {05A9D308-A8EA-4ED3-AFC0-029CB337ABCC}
		{60C40AD6-D33E-40F7-B2E7-447AD7B7402D} = {C6D8DA50-CD68-472E-BCAF-A06C1787FF1B}
	EndGlobalSection
	GlobalSection(ExtensibilityGlobals) = postSolution
		SolutionGuid = {1DDCABC5-3159-48DD-8DD5-481C3B6AF1C8}
	EndGlobalSection
EndGlobal
